
Microsoft Visual Studio Solution File, Format Version 12.00
# Visual Studio Version 17
VisualStudioVersion = 17.0.32126.317
MinimumVisualStudioVersion = 10.0.40219.1
Project("{FAE04EC0-301F-11D3-BF4B-00C04F79EFBC}") = "WikiApplication", "WikiApplication.csproj", "{8D715147-F60C-4CCF-AB6C-08045E2D76FA}"
EndProject
Global
	GlobalSection(SolutionConfigurationPlatforms) = preSolution
		Debug|Any CPU = Debug|Any CPU
		Release|Any CPU = Release|Any CPU
	EndGlobalSection
	GlobalSection(ProjectConfigurationPlatforms) = postSolution
		{8D715147-F60C-4CCF-AB6C-08045E2D76FA}.Debug|Any CPU.ActiveCfg = Debug|Any CPU
		{8D715147-F60C-4CCF-AB6C-08045E2D76FA}.Debug|Any CPU.Build.0 = Debug|Any CPU
		{8D715147-F60C-4CCF-AB6C-08045E2D76FA}.Release|Any CPU.ActiveCfg = Release|Any CPU
		{8D715147-F60C-4CCF-AB6C-08045E2D76FA}.Release|Any CPU.Build.0 = Release|Any CPU
	EndGlobalSection
	GlobalSection(SolutionProperties) = preSolution
		HideSolutionNode = FALSE
	EndGlobalSection
	GlobalSection(ExtensibilityGlobals) = postSolution
		SolutionGuid = {369BE2F4-67C2-4409-BD4D-1A9E21F82533}
	EndGlobalSection
EndGlobal
